{
  "requires": true,
  "lockfileVersion": 1,
  "dependencies": {
    "destyle.css": {
      "version": "2.0.2",
      "resolved": "https://registry.npmjs.org/destyle.css/-/destyle.css-2.0.2.tgz",
      "integrity": "sha512-w2xDMPePSAdSuz0h7Ad0m4QITlF1iG4U+0C0Y6Z5w05IBUHYOP3p7QyiZcc3OY+NcJiXBPgfARUsc5zfCGoahA=="
    }
  }
}
